
Microsoft Visual Studio Solution File, Format Version 12.00
# Visual Studio Version 17
VisualStudioVersion = 17.3.32922.545
MinimumVisualStudioVersion = 10.0.40219.1
Project("{FAE04EC0-301F-11D3-BF4B-00C04F79EFBC}") = "CheckersDemo.Server", "CheckersDemo\Server\CheckersDemo.Server.csproj", "{F7C7C3EE-E68F-4325-B9B6-F0B393309586}"
EndProject
Project("{FAE04EC0-301F-11D3-BF4B-00C04F79EFBC}") = "CheckersDemo.Client", "CheckersDemo\Client\CheckersDemo.Client.csproj", "{9EAC60A7-0F06-41D3-AC1B-3F4887928D4E}"
EndProject
Project("{FAE04EC0-301F-11D3-BF4B-00C04F79EFBC}") = "CheckersDemo.Shared", "CheckersDemo\Shared\CheckersDemo.Shared.csproj", "{21C7E135-6945-4F3F-A9F4-27B9BF757163}"
EndProject
Global
	GlobalSection(SolutionConfigurationPlatforms) = preSolution
		Debug|Any CPU = Debug|Any CPU
		Release|Any CPU = Release|Any CPU
	EndGlobalSection
	GlobalSection(ProjectConfigurationPlatforms) = postSolution
		{F7C7C3EE-E68F-4325-B9B6-F0B393309586}.Debug|Any CPU.ActiveCfg = Debug|Any CPU
		{F7C7C3EE-E68F-4325-B9B6-F0B393309586}.Debug|Any CPU.Build.0 = Debug|Any CPU
		{F7C7C3EE-E68F-4325-B9B6-F0B393309586}.Release|Any CPU.ActiveCfg = Release|Any CPU
		{F7C7C3EE-E68F-4325-B9B6-F0B393309586}.Release|Any CPU.Build.0 = Release|Any CPU
		{9EAC60A7-0F06-41D3-AC1B-3F4887928D4E}.Debug|Any CPU.ActiveCfg = Debug|Any CPU
		{9EAC60A7-0F06-41D3-AC1B-3F4887928D4E}.Debug|Any CPU.Build.0 = Debug|Any CPU
		{9EAC60A7-0F06-41D3-AC1B-3F4887928D4E}.Release|Any CPU.ActiveCfg = Release|Any CPU
		{9EAC60A7-0F06-41D3-AC1B-3F4887928D4E}.Release|Any CPU.Build.0 = Release|Any CPU
		{21C7E135-6945-4F3F-A9F4-27B9BF757163}.Debug|Any CPU.ActiveCfg = Debug|Any CPU
		{21C7E135-6945-4F3F-A9F4-27B9BF757163}.Debug|Any CPU.Build.0 = Debug|Any CPU
		{21C7E135-6945-4F3F-A9F4-27B9BF757163}.Release|Any CPU.ActiveCfg = Release|Any CPU
		{21C7E135-6945-4F3F-A9F4-27B9BF757163}.Release|Any CPU.Build.0 = Release|Any CPU
	EndGlobalSection
	GlobalSection(SolutionProperties) = preSolution
		HideSolutionNode = FALSE
	EndGlobalSection
	GlobalSection(ExtensibilityGlobals) = postSolution
		SolutionGuid = {10E4C500-E6F7-46CE-983D-398781AB88D5}
	EndGlobalSection
EndGlobal
